
Microsoft Visual Studio Solution File, Format Version 12.00
# Visual Studio 15
VisualStudioVersion = 15.0.28307.2017
MinimumVisualStudioVersion = 10.0.40219.1
Project("{FAE04EC0-301F-11D3-BF4B-00C04F79EFBC}") = "ParsingFileService", "ParsingFileService\ParsingFileService.csproj", "{92AEEC59-6B03-49CF-95C0-B0C9FB23D518}"
EndProject
Global
	GlobalSection(SolutionConfigurationPlatforms) = preSolution
		Debug|Any CPU = Debug|Any CPU
		Release|Any CPU = Release|Any CPU
	EndGlobalSection
	GlobalSection(ProjectConfigurationPlatforms) = postSolution
		{92AEEC59-6B03-49CF-95C0-B0C9FB23D518}.Debug|Any CPU.ActiveCfg = Debug|Any CPU
		{92AEEC59-6B03-49CF-95C0-B0C9FB23D518}.Debug|Any CPU.Build.0 = Debug|Any CPU
		{92AEEC59-6B03-49CF-95C0-B0C9FB23D518}.Release|Any CPU.ActiveCfg = Release|Any CPU
		{92AEEC59-6B03-49CF-95C0-B0C9FB23D518}.Release|Any CPU.Build.0 = Release|Any CPU
	EndGlobalSection
	GlobalSection(SolutionProperties) = preSolution
		HideSolutionNode = FALSE
	EndGlobalSection
	GlobalSection(ExtensibilityGlobals) = postSolution
		SolutionGuid = {BAA1E060-9787-4D3B-974C-FD3AEB43A0D5}
	EndGlobalSection
EndGlobal
